
Microsoft Visual Studio Solution File, Format Version 12.00
# Visual Studio 15
Project("{FAE04EC0-301F-11D3-BF4B-00C04F79EFBC}") = "MonoDevelop.GruntTaskRunner", "MonoDevelop.GruntTaskRunner\MonoDevelop.GruntTaskRunner.csproj", "{2D522305-76D9-4092-908A-D59B06DA4288}"
EndProject
Global
	GlobalSection(SolutionConfigurationPlatforms) = preSolution
		Debug|Any CPU = Debug|Any CPU
		Release|Any CPU = Release|Any CPU
	EndGlobalSection
	GlobalSection(ProjectConfigurationPlatforms) = postSolution
		{2D522305-76D9-4092-908A-D59B06DA4288}.Debug|Any CPU.ActiveCfg = Debug|Any CPU
		{2D522305-76D9-4092-908A-D59B06DA4288}.Debug|Any CPU.Build.0 = Debug|Any CPU
		{2D522305-76D9-4092-908A-D59B06DA4288}.Release|Any CPU.ActiveCfg = Release|Any CPU
		{2D522305-76D9-4092-908A-D59B06DA4288}.Release|Any CPU.Build.0 = Release|Any CPU
	EndGlobalSection
EndGlobal
